
Microsoft Visual Studio Solution File, Format Version 12.00
# Visual Studio Version 17
VisualStudioVersion = 17.4.33122.133
MinimumVisualStudioVersion = 10.0.40219.1
Project("{FAE04EC0-301F-11D3-BF4B-00C04F79EFBC}") = "VendingMachineProject", "VendingMachine\VendingMachineProject.csproj", "{CBFEF11D-4BB2-4D1F-86B1-2BD2F1831AD1}"
EndProject
Project("{FAE04EC0-301F-11D3-BF4B-00C04F79EFBC}") = "VendingMachineTest", "VendingMachineTest\VendingMachineTest.csproj", "{823BF776-652C-4111-9A95-017B47EB5139}"
EndProject
Global
	GlobalSection(SolutionConfigurationPlatforms) = preSolution
		Debug|Any CPU = Debug|Any CPU
		Release|Any CPU = Release|Any CPU
	EndGlobalSection
	GlobalSection(ProjectConfigurationPlatforms) = postSolution
		{CBFEF11D-4BB2-4D1F-86B1-2BD2F1831AD1}.Debug|Any CPU.ActiveCfg = Debug|Any CPU
		{CBFEF11D-4BB2-4D1F-86B1-2BD2F1831AD1}.Debug|Any CPU.Build.0 = Debug|Any CPU
		{CBFEF11D-4BB2-4D1F-86B1-2BD2F1831AD1}.Release|Any CPU.ActiveCfg = Release|Any CPU
		{CBFEF11D-4BB2-4D1F-86B1-2BD2F1831AD1}.Release|Any CPU.Build.0 = Release|Any CPU
		{823BF776-652C-4111-9A95-017B47EB5139}.Debug|Any CPU.ActiveCfg = Debug|Any CPU
		{823BF776-652C-4111-9A95-017B47EB5139}.Debug|Any CPU.Build.0 = Debug|Any CPU
		{823BF776-652C-4111-9A95-017B47EB5139}.Release|Any CPU.ActiveCfg = Release|Any CPU
		{823BF776-652C-4111-9A95-017B47EB5139}.Release|Any CPU.Build.0 = Release|Any CPU
	EndGlobalSection
	GlobalSection(SolutionProperties) = preSolution
		HideSolutionNode = FALSE
	EndGlobalSection
	GlobalSection(ExtensibilityGlobals) = postSolution
		SolutionGuid = {14411B2F-AC4C-422D-89AA-8DA747505ECA}
	EndGlobalSection
EndGlobal
